# This file is automatically @generated by Cargo.
# It is not intended for manual editing.
version = 4

[[package]]
name = "aws-dev"
version = "0.1.0"
dependencies = [
 "settings-defaults",
 "settings-migrations",
 "settings-plugins",
]

[[package]]
name = "aws-ecs-2"
version = "0.1.0"
dependencies = [
 "settings-defaults",
 "settings-migrations",
 "settings-plugins",
]

[[package]]
name = "aws-ecs-2-fips"
version = "0.1.0"
dependencies = [
 "settings-defaults",
 "settings-migrations",
 "settings-plugins",
]

[[package]]
name = "aws-ecs-2-nvidia"
version = "0.1.0"
dependencies = [
 "settings-defaults",
 "settings-migrations",
 "settings-plugins",
]

[[package]]
name = "aws-ecs-2-nvidia-fips"
version = "0.1.0"
dependencies = [
 "settings-defaults",
 "settings-migrations",
 "settings-plugins",
]

[[package]]
name = "aws-ecs-3"
version = "0.1.0"
dependencies = [
 "settings-defaults",
 "settings-migrations",
 "settings-plugins",
]

[[package]]
name = "aws-ecs-3-fips"
version = "0.1.0"
dependencies = [
 "settings-defaults",
 "settings-migrations",
 "settings-plugins",
]

[[package]]
name = "aws-ecs-3-nvidia"
version = "0.1.0"
dependencies = [
 "settings-defaults",
 "settings-migrations",
 "settings-plugins",
]

[[package]]
name = "aws-ecs-3-nvidia-fips"
version = "0.1.0"
dependencies = [
 "settings-defaults",
 "settings-migrations",
 "settings-plugins",
]

[[package]]
name = "aws-k8s-1_30"
version = "0.1.0"
dependencies = [
 "settings-defaults",
 "settings-migrations",
 "settings-plugins",
]

[[package]]
name = "aws-k8s-1_30-fips"
version = "0.1.0"
dependencies = [
 "settings-defaults",
 "settings-migrations",
 "settings-plugins",
]

[[package]]
name = "aws-k8s-1_30-nvidia"
version = "0.1.0"
dependencies = [
 "settings-defaults",
 "settings-migrations",
 "settings-plugins",
]

[[package]]
name = "aws-k8s-1_30-nvidia-fips"
version = "0.1.0"
dependencies = [
 "settings-defaults",
 "settings-migrations",
 "settings-plugins",
]

[[package]]
name = "aws-k8s-1_31"
version = "0.1.0"
dependencies = [
 "settings-defaults",
 "settings-migrations",
 "settings-plugins",
]

[[package]]
name = "aws-k8s-1_31-fips"
version = "0.1.0"
dependencies = [
 "settings-defaults",
 "settings-migrations",
 "settings-plugins",
]

[[package]]
name = "aws-k8s-1_31-nvidia"
version = "0.1.0"
dependencies = [
 "settings-defaults",
 "settings-migrations",
 "settings-plugins",
]

[[package]]
name = "aws-k8s-1_31-nvidia-fips"
version = "0.1.0"
dependencies = [
 "settings-defaults",
 "settings-migrations",
 "settings-plugins",
]

[[package]]
name = "aws-k8s-1_32"
version = "0.1.0"
dependencies = [
 "settings-defaults",
 "settings-migrations",
 "settings-plugins",
]

[[package]]
name = "aws-k8s-1_32-fips"
version = "0.1.0"
dependencies = [
 "settings-defaults",
 "settings-migrations",
 "settings-plugins",
]

[[package]]
name = "aws-k8s-1_32-nvidia"
version = "0.1.0"
dependencies = [
 "settings-defaults",
 "settings-migrations",
 "settings-plugins",
]

[[package]]
name = "aws-k8s-1_32-nvidia-fips"
version = "0.1.0"
dependencies = [
 "settings-defaults",
 "settings-migrations",
 "settings-plugins",
]

[[package]]
name = "aws-k8s-1_33"
version = "0.1.0"
dependencies = [
 "settings-defaults",
 "settings-migrations",
 "settings-plugins",
]

[[package]]
name = "aws-k8s-1_33-fips"
version = "0.1.0"
dependencies = [
 "settings-defaults",
 "settings-migrations",
 "settings-plugins",
]

[[package]]
name = "aws-k8s-1_33-nvidia"
version = "0.1.0"
dependencies = [
 "settings-defaults",
 "settings-migrations",
 "settings-plugins",
]

[[package]]
name = "aws-k8s-1_33-nvidia-fips"
version = "0.1.0"
dependencies = [
 "settings-defaults",
 "settings-migrations",
 "settings-plugins",
]

[[package]]
name = "aws-k8s-1_34"
version = "0.1.0"
dependencies = [
 "settings-defaults",
 "settings-migrations",
 "settings-plugins",
]

[[package]]
name = "aws-k8s-1_34-fips"
version = "0.1.0"
dependencies = [
 "settings-defaults",
 "settings-migrations",
 "settings-plugins",
]

[[package]]
name = "aws-k8s-1_34-nvidia"
version = "0.1.0"
dependencies = [
 "settings-defaults",
 "settings-migrations",
 "settings-plugins",
]

[[package]]
name = "aws-k8s-1_34-nvidia-fips"
version = "0.1.0"
dependencies = [
 "settings-defaults",
 "settings-migrations",
 "settings-plugins",
]

[[package]]
name = "aws-k8s-1_35"
version = "0.1.0"
dependencies = [
 "settings-defaults",
 "settings-migrations",
 "settings-plugins",
]

[[package]]
name = "aws-k8s-1_35-fips"
version = "0.1.0"
dependencies = [
 "settings-defaults",
 "settings-migrations",
 "settings-plugins",
]

[[package]]
name = "aws-k8s-1_35-nvidia"
version = "0.1.0"
dependencies = [
 "settings-defaults",
 "settings-migrations",
 "settings-plugins",
]

[[package]]
name = "aws-k8s-1_35-nvidia-fips"
version = "0.1.0"
dependencies = [
 "settings-defaults",
 "settings-migrations",
 "settings-plugins",
]

[[package]]
name = "aws-k8s-1_36"
version = "0.1.0"
dependencies = [
 "settings-defaults",
 "settings-migrations",
 "settings-plugins",
]

[[package]]
name = "aws-k8s-1_36-fips"
version = "0.1.0"
dependencies = [
 "settings-defaults",
 "settings-migrations",
 "settings-plugins",
]

[[package]]
name = "aws-k8s-1_36-nvidia"
version = "0.1.0"
dependencies = [
 "settings-defaults",
 "settings-migrations",
 "settings-plugins",
]

[[package]]
name = "aws-k8s-1_36-nvidia-fips"
version = "0.1.0"
dependencies = [
 "settings-defaults",
 "settings-migrations",
 "settings-plugins",
]

[[package]]
name = "metal-dev"
version = "0.1.0"
dependencies = [
 "settings-defaults",
 "settings-migrations",
 "settings-plugins",
]

[[package]]
name = "settings-defaults"
version = "0.1.0"

[[package]]
name = "settings-migrations"
version = "0.1.0"

[[package]]
name = "settings-plugins"
version = "0.1.0"

[[package]]
name = "vmware-dev"
version = "0.1.0"
dependencies = [
 "settings-defaults",
 "settings-migrations",
 "settings-plugins",
]

[[package]]
name = "vmware-k8s-1_30"
version = "0.1.0"
dependencies = [
 "settings-defaults",
 "settings-migrations",
 "settings-plugins",
]

[[package]]
name = "vmware-k8s-1_30-fips"
version = "0.1.0"
dependencies = [
 "settings-defaults",
 "settings-migrations",
 "settings-plugins",
]

[[package]]
name = "vmware-k8s-1_31"
version = "0.1.0"
dependencies = [
 "settings-defaults",
 "settings-migrations",
 "settings-plugins",
]

[[package]]
name = "vmware-k8s-1_31-fips"
version = "0.1.0"
dependencies = [
 "settings-defaults",
 "settings-migrations",
 "settings-plugins",
]

[[package]]
name = "vmware-k8s-1_32"
version = "0.1.0"
dependencies = [
 "settings-defaults",
 "settings-migrations",
 "settings-plugins",
]

[[package]]
name = "vmware-k8s-1_32-fips"
version = "0.1.0"
dependencies = [
 "settings-defaults",
 "settings-migrations",
 "settings-plugins",
]

[[package]]
name = "vmware-k8s-1_33"
version = "0.1.0"
dependencies = [
 "settings-defaults",
 "settings-migrations",
 "settings-plugins",
]

[[package]]
name = "vmware-k8s-1_33-fips"
version = "0.1.0"
dependencies = [
 "settings-defaults",
 "settings-migrations",
 "settings-plugins",
]

[[package]]
name = "vmware-k8s-1_34"
version = "0.1.0"
dependencies = [
 "settings-defaults",
 "settings-migrations",
 "settings-plugins",
]

[[package]]
name = "vmware-k8s-1_34-fips"
version = "0.1.0"
dependencies = [
 "settings-defaults",
 "settings-migrations",
 "settings-plugins",
]

[[package]]
name = "vmware-k8s-1_35"
version = "0.1.0"
dependencies = [
 "settings-defaults",
 "settings-migrations",
 "settings-plugins",
]

[[package]]
name = "vmware-k8s-1_35-fips"
version = "0.1.0"
dependencies = [
 "settings-defaults",
 "settings-migrations",
 "settings-plugins",
]

[[package]]
name = "vmware-k8s-1_36"
version = "0.1.0"
dependencies = [
 "settings-defaults",
 "settings-migrations",
 "settings-plugins",
]

[[package]]
name = "vmware-k8s-1_36-fips"
version = "0.1.0"
dependencies = [
 "settings-defaults",
 "settings-migrations",
 "settings-plugins",
]
