# This file is automatically @generated by Cargo.
# It is not intended for manual editing.
version = 3

[[package]]
name = "aws-dev"
version = "0.1.0"
dependencies = [
 "settings-defaults",
 "settings-migrations",
 "settings-plugins",
]

[[package]]
name = "aws-ecs-1"
version = "0.1.0"
dependencies = [
 "settings-defaults",
 "settings-migrations",
 "settings-plugins",
]

[[package]]
name = "aws-ecs-1-nvidia"
version = "0.1.0"
dependencies = [
 "settings-defaults",
 "settings-migrations",
 "settings-plugins",
]

[[package]]
name = "aws-ecs-2"
version = "0.1.0"
dependencies = [
 "settings-defaults",
 "settings-migrations",
 "settings-plugins",
]

[[package]]
name = "aws-ecs-2-nvidia"
version = "0.1.0"
dependencies = [
 "settings-defaults",
 "settings-migrations",
 "settings-plugins",
]

[[package]]
name = "aws-k8s-1_23"
version = "0.1.0"
dependencies = [
 "settings-defaults",
 "settings-migrations",
 "settings-plugins",
]

[[package]]
name = "aws-k8s-1_23-nvidia"
version = "0.1.0"
dependencies = [
 "settings-defaults",
 "settings-migrations",
 "settings-plugins",
]

[[package]]
name = "aws-k8s-1_24"
version = "0.1.0"
dependencies = [
 "settings-defaults",
 "settings-migrations",
 "settings-plugins",
]

[[package]]
name = "aws-k8s-1_24-nvidia"
version = "0.1.0"
dependencies = [
 "settings-defaults",
 "settings-migrations",
 "settings-plugins",
]

[[package]]
name = "aws-k8s-1_25"
version = "0.1.0"
dependencies = [
 "settings-defaults",
 "settings-migrations",
 "settings-plugins",
]

[[package]]
name = "aws-k8s-1_25-nvidia"
version = "0.1.0"
dependencies = [
 "settings-defaults",
 "settings-migrations",
 "settings-plugins",
]

[[package]]
name = "aws-k8s-1_26"
version = "0.1.0"
dependencies = [
 "settings-defaults",
 "settings-migrations",
 "settings-plugins",
]

[[package]]
name = "aws-k8s-1_26-nvidia"
version = "0.1.0"
dependencies = [
 "settings-defaults",
 "settings-migrations",
 "settings-plugins",
]

[[package]]
name = "aws-k8s-1_27"
version = "0.1.0"
dependencies = [
 "settings-defaults",
 "settings-migrations",
 "settings-plugins",
]

[[package]]
name = "aws-k8s-1_27-nvidia"
version = "0.1.0"
dependencies = [
 "settings-defaults",
 "settings-migrations",
 "settings-plugins",
]

[[package]]
name = "aws-k8s-1_28"
version = "0.1.0"
dependencies = [
 "settings-defaults",
 "settings-migrations",
 "settings-plugins",
]

[[package]]
name = "aws-k8s-1_28-nvidia"
version = "0.1.0"
dependencies = [
 "settings-defaults",
 "settings-migrations",
 "settings-plugins",
]

[[package]]
name = "aws-k8s-1_29"
version = "0.1.0"
dependencies = [
 "settings-defaults",
 "settings-migrations",
 "settings-plugins",
]

[[package]]
name = "aws-k8s-1_29-nvidia"
version = "0.1.0"
dependencies = [
 "settings-defaults",
 "settings-migrations",
 "settings-plugins",
]

[[package]]
name = "aws-k8s-1_30"
version = "0.1.0"
dependencies = [
 "settings-defaults",
 "settings-migrations",
 "settings-plugins",
]

[[package]]
name = "aws-k8s-1_30-nvidia"
version = "0.1.0"
dependencies = [
 "settings-defaults",
 "settings-migrations",
 "settings-plugins",
]

[[package]]
name = "metal-dev"
version = "0.1.0"
dependencies = [
 "settings-defaults",
 "settings-migrations",
 "settings-plugins",
]

[[package]]
name = "metal-k8s-1_27"
version = "0.1.0"
dependencies = [
 "settings-defaults",
 "settings-migrations",
 "settings-plugins",
]

[[package]]
name = "metal-k8s-1_28"
version = "0.1.0"
dependencies = [
 "settings-defaults",
 "settings-migrations",
 "settings-plugins",
]

[[package]]
name = "metal-k8s-1_29"
version = "0.1.0"
dependencies = [
 "settings-defaults",
 "settings-migrations",
 "settings-plugins",
]

[[package]]
name = "settings-defaults"
version = "0.1.0"

[[package]]
name = "settings-migrations"
version = "0.1.0"

[[package]]
name = "settings-plugins"
version = "0.1.0"

[[package]]
name = "vmware-dev"
version = "0.1.0"
dependencies = [
 "settings-defaults",
 "settings-migrations",
 "settings-plugins",
]

[[package]]
name = "vmware-k8s-1_27"
version = "0.1.0"
dependencies = [
 "settings-defaults",
 "settings-migrations",
 "settings-plugins",
]

[[package]]
name = "vmware-k8s-1_28"
version = "0.1.0"
dependencies = [
 "settings-defaults",
 "settings-migrations",
 "settings-plugins",
]

[[package]]
name = "vmware-k8s-1_29"
version = "0.1.0"
dependencies = [
 "settings-defaults",
 "settings-migrations",
 "settings-plugins",
]

[[package]]
name = "vmware-k8s-1_30"
version = "0.1.0"
dependencies = [
 "settings-defaults",
 "settings-migrations",
 "settings-plugins",
]
