schema-version = 2
project-vendor = "Bottlerocket"

[sdk]
name = "bottlerocket-sdk"
version = "0.64.0"
vendor = "bottlerocket"
source = "public.ecr.aws/bottlerocket/bottlerocket-sdk:v0.64.0"
digest = "kRW2MsSo3jA+rAEO/Mp5gW8Q4/pd62bbB/lT4d5Jzak="

[[kit]]
name = "bottlerocket-kernel-kit"
version = "4.3.4"
vendor = "bottlerocket"
source = "public.ecr.aws/bottlerocket/bottlerocket-kernel-kit:v4.3.4"
digest = "HuiTVI6wRZYzo+c1tKLfHU5MVeA75NNsB9fXYVnVY9Q="

[[kit]]
name = "bottlerocket-core-kit"
version = "10.7.1"
vendor = "bottlerocket"
source = "public.ecr.aws/bottlerocket/bottlerocket-core-kit:v10.7.1"
digest = "0TTDnEa4cEzjiZfhCiqV/UQ6xC/dV+YFZ/Ytfo7KU5Y="
