schema-version = 1

[sdk]
name = "bottlerocket-sdk"
version = "0.45.0"
vendor = "bottlerocket"
source = "public.ecr.aws/bottlerocket/bottlerocket-sdk:v0.45.0"
digest = "CIx/G74W+Ie4gdJ40D/N/UbyQ9JqwVOd/9IH4ru3zYk="

[[kit]]
name = "bottlerocket-core-kit"
version = "2.8.4"
vendor = "bottlerocket"
source = "public.ecr.aws/bottlerocket/bottlerocket-core-kit:v2.8.4"
digest = "3HaJokkQgfZONwthRVqXFsZHCmIVQTarzWP2jo8gLaM="
