schema-version = 2
project-vendor = "Bottlerocket"

[sdk]
name = "bottlerocket-sdk"
version = "0.77.0"
vendor = "bottlerocket"
source = "public.ecr.aws/bottlerocket/bottlerocket-sdk:v0.77.0"
digest = "zfqd6UiE50c0yXGOC5dd9oCj5o0CFa41giNZnhNdzcw="

[[kit]]
name = "bottlerocket-kernel-kit"
version = "7.2.0"
vendor = "bottlerocket"
source = "public.ecr.aws/bottlerocket/bottlerocket-kernel-kit:v7.2.0"
digest = "KB/GaeRqz7XBNW21btjzv9zgVdLkWpaOjwFjfcy1LLI="

[[kit]]
name = "bottlerocket-core-kit"
version = "15.0.0"
vendor = "bottlerocket"
source = "public.ecr.aws/bottlerocket/bottlerocket-core-kit:v15.0.0"
digest = "ET1aJvnQsY6ewvjRxJPAe0Wy7Xt/wavfULz77K6ivnc="
