# This file is automatically @generated by Cargo.
# It is not intended for manual editing.
version = 3

[[package]]
name = "acpid"
version = "0.1.0"
dependencies = [
 "glibc",
]

[[package]]
name = "amazon-ssm-agent"
version = "0.1.0"
dependencies = [
 "glibc",
]

[[package]]
name = "aws-dev"
version = "0.1.0"
dependencies = [
 "chrony",
 "docker-cli",
 "docker-engine",
 "docker-init",
 "docker-proxy",
 "iputils",
 "kernel-6_1",
 "login",
 "release",
 "strace",
]

[[package]]
name = "aws-ecs-1"
version = "0.1.0"
dependencies = [
 "docker-cli",
 "docker-engine",
 "docker-init",
 "docker-proxy",
 "ecs-agent",
 "kernel-5_10",
 "release",
]

[[package]]
name = "aws-ecs-1-nvidia"
version = "0.1.0"
dependencies = [
 "docker-cli",
 "docker-engine",
 "docker-init",
 "docker-proxy",
 "ecs-agent",
 "ecs-gpu-init",
 "kernel-5_10",
 "kmod-5_10-nvidia",
 "nvidia-container-toolkit",
 "release",
]

[[package]]
name = "aws-ecs-2"
version = "0.1.0"
dependencies = [
 "docker-cli",
 "docker-engine",
 "docker-init",
 "docker-proxy",
 "ecs-agent",
 "kernel-6_1",
 "release",
]

[[package]]
name = "aws-ecs-2-nvidia"
version = "0.1.0"
dependencies = [
 "docker-cli",
 "docker-engine",
 "docker-init",
 "docker-proxy",
 "ecs-agent",
 "ecs-gpu-init",
 "kernel-6_1",
 "kmod-6_1-nvidia",
 "nvidia-container-toolkit",
 "release",
]

[[package]]
name = "aws-iam-authenticator"
version = "0.1.0"
dependencies = [
 "glibc",
]

[[package]]
name = "aws-k8s-1_23"
version = "0.1.0"
dependencies = [
 "aws-iam-authenticator",
 "cni",
 "cni-plugins",
 "kernel-5_10",
 "kubernetes-1_23",
 "release",
]

[[package]]
name = "aws-k8s-1_23-nvidia"
version = "0.1.0"
dependencies = [
 "aws-iam-authenticator",
 "cni",
 "cni-plugins",
 "kernel-5_10",
 "kmod-5_10-nvidia",
 "kubernetes-1_23",
 "nvidia-container-toolkit",
 "nvidia-k8s-device-plugin",
 "release",
]

[[package]]
name = "aws-k8s-1_24"
version = "0.1.0"
dependencies = [
 "aws-iam-authenticator",
 "cni",
 "cni-plugins",
 "kernel-5_15",
 "kubernetes-1_24",
 "release",
]

[[package]]
name = "aws-k8s-1_24-nvidia"
version = "0.1.0"
dependencies = [
 "aws-iam-authenticator",
 "cni",
 "cni-plugins",
 "kernel-5_15",
 "kmod-5_15-nvidia",
 "kubernetes-1_24",
 "nvidia-container-toolkit",
 "nvidia-k8s-device-plugin",
 "release",
]

[[package]]
name = "aws-k8s-1_25"
version = "0.1.0"
dependencies = [
 "aws-iam-authenticator",
 "cni",
 "cni-plugins",
 "kernel-5_15",
 "kubernetes-1_25",
 "release",
]

[[package]]
name = "aws-k8s-1_25-nvidia"
version = "0.1.0"
dependencies = [
 "aws-iam-authenticator",
 "cni",
 "cni-plugins",
 "kernel-5_15",
 "kmod-5_15-nvidia",
 "kubernetes-1_25",
 "nvidia-container-toolkit",
 "nvidia-k8s-device-plugin",
 "release",
]

[[package]]
name = "aws-k8s-1_26"
version = "0.1.0"
dependencies = [
 "aws-iam-authenticator",
 "cni",
 "cni-plugins",
 "kernel-5_15",
 "kubernetes-1_26",
 "release",
]

[[package]]
name = "aws-k8s-1_26-nvidia"
version = "0.1.0"
dependencies = [
 "aws-iam-authenticator",
 "cni",
 "cni-plugins",
 "kernel-5_15",
 "kmod-5_15-nvidia",
 "kubernetes-1_26",
 "nvidia-container-toolkit",
 "nvidia-k8s-device-plugin",
 "release",
]

[[package]]
name = "aws-k8s-1_27"
version = "0.1.0"
dependencies = [
 "aws-iam-authenticator",
 "cni",
 "cni-plugins",
 "kernel-5_15",
 "kubernetes-1_27",
 "release",
]

[[package]]
name = "aws-k8s-1_27-nvidia"
version = "0.1.0"
dependencies = [
 "aws-iam-authenticator",
 "cni",
 "cni-plugins",
 "kernel-5_15",
 "kmod-5_15-nvidia",
 "kubernetes-1_27",
 "nvidia-container-toolkit",
 "nvidia-k8s-device-plugin",
 "release",
]

[[package]]
name = "aws-k8s-1_28"
version = "0.1.0"
dependencies = [
 "aws-iam-authenticator",
 "cni",
 "cni-plugins",
 "kernel-6_1",
 "kubernetes-1_28",
 "release",
]

[[package]]
name = "aws-k8s-1_28-nvidia"
version = "0.1.0"
dependencies = [
 "aws-iam-authenticator",
 "cni",
 "cni-plugins",
 "kernel-6_1",
 "kmod-6_1-nvidia",
 "kubernetes-1_28",
 "nvidia-container-toolkit",
 "nvidia-k8s-device-plugin",
 "release",
]

[[package]]
name = "aws-signing-helper"
version = "0.1.0"
dependencies = [
 "glibc",
]

[[package]]
name = "bash"
version = "0.1.0"
dependencies = [
 "glibc",
 "libncurses",
 "readline",
]

[[package]]
name = "binutils"
version = "0.1.0"
dependencies = [
 "glibc",
 "libz",
]

[[package]]
name = "ca-certificates"
version = "0.1.0"

[[package]]
name = "chrony"
version = "0.1.0"
dependencies = [
 "glibc",
 "libcap",
 "libncurses",
 "libseccomp",
 "readline",
]

[[package]]
name = "cni"
version = "0.1.0"
dependencies = [
 "glibc",
]

[[package]]
name = "cni-plugins"
version = "0.1.0"
dependencies = [
 "glibc",
]

[[package]]
name = "conntrack-tools"
version = "0.1.0"
dependencies = [
 "glibc",
 "libmnl",
 "libnetfilter_conntrack",
 "libnetfilter_cthelper",
 "libnetfilter_cttimeout",
 "libnetfilter_queue",
 "libnfnetlink",
]

[[package]]
name = "containerd"
version = "0.1.0"
dependencies = [
 "glibc",
 "pigz",
 "runc",
]

[[package]]
name = "coreutils"
version = "0.1.0"
dependencies = [
 "glibc",
 "libacl",
 "libattr",
 "libcap",
 "libselinux",
 "libxcrypt",
]

[[package]]
name = "dbus-broker"
version = "0.1.0"
dependencies = [
 "glibc",
 "libexpat",
 "libselinux",
 "systemd",
]

[[package]]
name = "docker-cli"
version = "0.1.0"
dependencies = [
 "glibc",
]

[[package]]
name = "docker-engine"
version = "0.1.0"
dependencies = [
 "glibc",
 "libseccomp",
 "systemd",
]

[[package]]
name = "docker-init"
version = "0.1.0"
dependencies = [
 "glibc",
]

[[package]]
name = "docker-proxy"
version = "0.1.0"
dependencies = [
 "glibc",
]

[[package]]
name = "e2fsprogs"
version = "0.1.0"
dependencies = [
 "glibc",
 "util-linux",
]

[[package]]
name = "ecr-credential-provider"
version = "0.1.0"
dependencies = [
 "glibc",
]

[[package]]
name = "ecr-credential-provider-1_27"
version = "0.1.0"
dependencies = [
 "glibc",
]

[[package]]
name = "ecs-agent"
version = "0.1.0"
dependencies = [
 "amazon-ssm-agent",
 "glibc",
]

[[package]]
name = "ecs-gpu-init"
version = "0.1.0"
dependencies = [
 "glibc",
]

[[package]]
name = "ethtool"
version = "0.1.0"
dependencies = [
 "glibc",
 "libmnl",
]

[[package]]
name = "filesystem"
version = "0.1.0"

[[package]]
name = "findutils"
version = "0.1.0"
dependencies = [
 "glibc",
 "libselinux",
]

[[package]]
name = "glibc"
version = "0.1.0"

[[package]]
name = "grep"
version = "0.1.0"
dependencies = [
 "glibc",
 "libpcre",
]

[[package]]
name = "grub"
version = "0.1.0"

[[package]]
name = "host-ctr"
version = "0.1.0"
dependencies = [
 "glibc",
]

[[package]]
name = "iproute"
version = "0.1.0"
dependencies = [
 "glibc",
 "libcap",
 "libmnl",
 "libselinux",
]

[[package]]
name = "iptables"
version = "0.1.0"
dependencies = [
 "glibc",
 "libmnl",
 "libnetfilter_conntrack",
 "libnfnetlink",
 "libnftnl",
]

[[package]]
name = "iputils"
version = "0.1.0"
dependencies = [
 "glibc",
 "libcap",
]

[[package]]
name = "kernel-5_10"
version = "0.1.0"
dependencies = [
 "microcode",
]

[[package]]
name = "kernel-5_15"
version = "0.1.0"
dependencies = [
 "microcode",
]

[[package]]
name = "kernel-6_1"
version = "0.1.0"
dependencies = [
 "microcode",
]

[[package]]
name = "kexec-tools"
version = "0.1.0"
dependencies = [
 "glibc",
]

[[package]]
name = "keyutils"
version = "0.1.0"
dependencies = [
 "glibc",
]

[[package]]
name = "kmod"
version = "0.1.0"
dependencies = [
 "glibc",
 "liblzma",
 "libzstd",
]

[[package]]
name = "kmod-5_10-nvidia"
version = "0.1.0"
dependencies = [
 "glibc",
 "kernel-5_10",
]

[[package]]
name = "kmod-5_15-nvidia"
version = "0.1.0"
dependencies = [
 "glibc",
 "kernel-5_15",
]

[[package]]
name = "kmod-6_1-nvidia"
version = "0.1.0"
dependencies = [
 "glibc",
 "kernel-6_1",
]

[[package]]
name = "kubernetes-1_23"
version = "0.1.0"
dependencies = [
 "aws-signing-helper",
 "ecr-credential-provider",
 "glibc",
]

[[package]]
name = "kubernetes-1_24"
version = "0.1.0"
dependencies = [
 "aws-signing-helper",
 "ecr-credential-provider",
 "glibc",
]

[[package]]
name = "kubernetes-1_25"
version = "0.1.0"
dependencies = [
 "aws-signing-helper",
 "ecr-credential-provider",
 "glibc",
]

[[package]]
name = "kubernetes-1_26"
version = "0.1.0"
dependencies = [
 "aws-signing-helper",
 "ecr-credential-provider",
 "glibc",
]

[[package]]
name = "kubernetes-1_27"
version = "0.1.0"
dependencies = [
 "aws-signing-helper",
 "ecr-credential-provider-1_27",
 "glibc",
]

[[package]]
name = "kubernetes-1_28"
version = "0.1.0"
dependencies = [
 "aws-signing-helper",
 "ecr-credential-provider-1_27",
 "glibc",
]

[[package]]
name = "libacl"
version = "0.1.0"
dependencies = [
 "glibc",
 "libattr",
]

[[package]]
name = "libattr"
version = "0.1.0"
dependencies = [
 "glibc",
]

[[package]]
name = "libaudit"
version = "0.1.0"
dependencies = [
 "glibc",
]

[[package]]
name = "libbzip2"
version = "0.1.0"
dependencies = [
 "glibc",
]

[[package]]
name = "libcap"
version = "0.1.0"
dependencies = [
 "glibc",
 "libattr",
]

[[package]]
name = "libdbus"
version = "0.1.0"
dependencies = [
 "glibc",
 "libcap",
 "libexpat",
]

[[package]]
name = "libelf"
version = "0.1.0"
dependencies = [
 "glibc",
 "libz",
]

[[package]]
name = "libexpat"
version = "0.1.0"
dependencies = [
 "glibc",
]

[[package]]
name = "libffi"
version = "0.1.0"
dependencies = [
 "glibc",
]

[[package]]
name = "libgcc"
version = "0.1.0"

[[package]]
name = "libglib"
version = "0.1.0"
dependencies = [
 "glibc",
 "libffi",
 "libpcre",
 "libselinux",
 "libz",
 "util-linux",
]

[[package]]
name = "libinih"
version = "0.1.0"
dependencies = [
 "glibc",
]

[[package]]
name = "libiw"
version = "0.1.0"
dependencies = [
 "glibc",
]

[[package]]
name = "liblzma"
version = "0.1.0"
dependencies = [
 "glibc",
]

[[package]]
name = "libmnl"
version = "0.1.0"
dependencies = [
 "glibc",
]

[[package]]
name = "libncurses"
version = "0.1.0"
dependencies = [
 "glibc",
]

[[package]]
name = "libnetfilter_conntrack"
version = "0.1.0"
dependencies = [
 "glibc",
 "libmnl",
 "libnfnetlink",
]

[[package]]
name = "libnetfilter_cthelper"
version = "0.1.0"
dependencies = [
 "glibc",
 "libmnl",
]

[[package]]
name = "libnetfilter_cttimeout"
version = "0.1.0"
dependencies = [
 "glibc",
 "libmnl",
]

[[package]]
name = "libnetfilter_queue"
version = "0.1.0"
dependencies = [
 "glibc",
 "libmnl",
 "libnfnetlink",
]

[[package]]
name = "libnfnetlink"
version = "0.1.0"
dependencies = [
 "glibc",
]

[[package]]
name = "libnftnl"
version = "0.1.0"
dependencies = [
 "glibc",
 "libmnl",
]

[[package]]
name = "libnl"
version = "0.1.0"
dependencies = [
 "glibc",
]

[[package]]
name = "libnvidia-container"
version = "0.1.0"
dependencies = [
 "glibc",
 "libcap",
 "libelf",
 "libseccomp",
 "libtirpc",
]

[[package]]
name = "libpcre"
version = "0.1.0"
dependencies = [
 "glibc",
]

[[package]]
name = "libseccomp"
version = "0.1.0"
dependencies = [
 "glibc",
]

[[package]]
name = "libselinux"
version = "0.1.0"
dependencies = [
 "glibc",
 "libpcre",
 "libsepol",
]

[[package]]
name = "libsemanage"
version = "0.1.0"
dependencies = [
 "glibc",
 "libaudit",
 "libbzip2",
 "libselinux",
 "libsepol",
]

[[package]]
name = "libsepol"
version = "0.1.0"
dependencies = [
 "glibc",
]

[[package]]
name = "libstd-rust"
version = "0.1.0"

[[package]]
name = "libtirpc"
version = "0.1.0"
dependencies = [
 "glibc",
]

[[package]]
name = "liburcu"
version = "0.1.0"
dependencies = [
 "glibc",
]

[[package]]
name = "libxcrypt"
version = "0.1.0"
dependencies = [
 "glibc",
]

[[package]]
name = "libz"
version = "0.1.0"
dependencies = [
 "glibc",
]

[[package]]
name = "libzstd"
version = "0.1.0"
dependencies = [
 "glibc",
]

[[package]]
name = "linux-firmware"
version = "0.1.0"

[[package]]
name = "login"
version = "0.0.1"
dependencies = [
 "bash",
 "glibc",
 "systemd",
]

[[package]]
name = "makedumpfile"
version = "0.1.0"
dependencies = [
 "glibc",
 "libbzip2",
 "libelf",
 "libz",
]

[[package]]
name = "metal-dev"
version = "0.1.0"
dependencies = [
 "chrony",
 "docker-cli",
 "docker-engine",
 "docker-init",
 "docker-proxy",
 "iputils",
 "kernel-6_1",
 "linux-firmware",
 "login",
 "release",
 "strace",
]

[[package]]
name = "metal-k8s-1_23"
version = "0.1.0"
dependencies = [
 "aws-iam-authenticator",
 "cni",
 "cni-plugins",
 "kernel-5_10",
 "kubernetes-1_23",
 "linux-firmware",
 "release",
]

[[package]]
name = "metal-k8s-1_24"
version = "0.1.0"
dependencies = [
 "aws-iam-authenticator",
 "cni",
 "cni-plugins",
 "kernel-5_15",
 "kubernetes-1_24",
 "linux-firmware",
 "release",
]

[[package]]
name = "metal-k8s-1_25"
version = "0.1.0"
dependencies = [
 "aws-iam-authenticator",
 "cni",
 "cni-plugins",
 "kernel-5_15",
 "kubernetes-1_25",
 "linux-firmware",
 "release",
]

[[package]]
name = "metal-k8s-1_26"
version = "0.1.0"
dependencies = [
 "aws-iam-authenticator",
 "cni",
 "cni-plugins",
 "kernel-5_15",
 "kubernetes-1_26",
 "linux-firmware",
 "release",
]

[[package]]
name = "metal-k8s-1_27"
version = "0.1.0"
dependencies = [
 "aws-iam-authenticator",
 "cni",
 "cni-plugins",
 "kernel-5_15",
 "kubernetes-1_27",
 "linux-firmware",
 "release",
]

[[package]]
name = "metal-k8s-1_28"
version = "0.1.0"
dependencies = [
 "aws-iam-authenticator",
 "cni",
 "cni-plugins",
 "kernel-6_1",
 "kubernetes-1_28",
 "release",
]

[[package]]
name = "microcode"
version = "0.1.0"

[[package]]
name = "nvidia-container-toolkit"
version = "0.1.0"
dependencies = [
 "glibc",
 "libnvidia-container",
]

[[package]]
name = "nvidia-k8s-device-plugin"
version = "0.1.0"
dependencies = [
 "glibc",
]

[[package]]
name = "oci-add-hooks"
version = "0.1.0"
dependencies = [
 "glibc",
]

[[package]]
name = "open-vm-tools"
version = "0.1.0"
dependencies = [
 "glibc",
 "libglib",
 "libtirpc",
 "libxcrypt",
]

[[package]]
name = "os"
version = "0.1.0"
dependencies = [
 "glibc",
]

[[package]]
name = "pigz"
version = "0.1.0"
dependencies = [
 "glibc",
 "libz",
]

[[package]]
name = "policycoreutils"
version = "0.1.0"
dependencies = [
 "glibc",
 "libselinux",
 "libsemanage",
 "libsepol",
]

[[package]]
name = "procps"
version = "0.1.0"
dependencies = [
 "glibc",
 "libselinux",
]

[[package]]
name = "readline"
version = "0.1.0"
dependencies = [
 "glibc",
 "libncurses",
]

[[package]]
name = "release"
version = "0.0.0"
dependencies = [
 "acpid",
 "binutils",
 "ca-certificates",
 "chrony",
 "conntrack-tools",
 "containerd",
 "coreutils",
 "dbus-broker",
 "e2fsprogs",
 "ethtool",
 "filesystem",
 "findutils",
 "glibc",
 "grep",
 "grub",
 "host-ctr",
 "iproute",
 "iptables",
 "kexec-tools",
 "keyutils",
 "libaudit",
 "libgcc",
 "libstd-rust",
 "makedumpfile",
 "oci-add-hooks",
 "os",
 "policycoreutils",
 "procps",
 "selinux-policy",
 "shim",
 "systemd",
 "util-linux",
 "wicked",
 "xfsprogs",
]

[[package]]
name = "runc"
version = "0.1.0"
dependencies = [
 "glibc",
 "libseccomp",
]

[[package]]
name = "selinux-policy"
version = "0.1.0"

[[package]]
name = "shim"
version = "0.1.0"

[[package]]
name = "strace"
version = "0.1.0"
dependencies = [
 "glibc",
]

[[package]]
name = "systemd"
version = "0.1.0"
dependencies = [
 "glibc",
 "kmod",
 "libacl",
 "libattr",
 "libcap",
 "libseccomp",
 "libselinux",
 "libxcrypt",
 "util-linux",
]

[[package]]
name = "util-linux"
version = "0.1.0"
dependencies = [
 "glibc",
 "libacl",
 "libncurses",
 "libselinux",
 "libxcrypt",
]

[[package]]
name = "vmware-dev"
version = "0.1.0"
dependencies = [
 "chrony",
 "docker-cli",
 "docker-engine",
 "docker-init",
 "docker-proxy",
 "iputils",
 "kernel-6_1",
 "login",
 "open-vm-tools",
 "release",
 "strace",
]

[[package]]
name = "vmware-k8s-1_23"
version = "0.1.0"
dependencies = [
 "cni",
 "cni-plugins",
 "kernel-5_10",
 "kubernetes-1_23",
 "open-vm-tools",
 "release",
]

[[package]]
name = "vmware-k8s-1_24"
version = "0.1.0"
dependencies = [
 "cni",
 "cni-plugins",
 "kernel-5_15",
 "kubernetes-1_24",
 "open-vm-tools",
 "release",
]

[[package]]
name = "vmware-k8s-1_25"
version = "0.1.0"
dependencies = [
 "cni",
 "cni-plugins",
 "kernel-5_15",
 "kubernetes-1_25",
 "open-vm-tools",
 "release",
]

[[package]]
name = "vmware-k8s-1_26"
version = "0.1.0"
dependencies = [
 "cni",
 "cni-plugins",
 "kernel-5_15",
 "kubernetes-1_26",
 "open-vm-tools",
 "release",
]

[[package]]
name = "vmware-k8s-1_27"
version = "0.1.0"
dependencies = [
 "cni",
 "cni-plugins",
 "kernel-5_15",
 "kubernetes-1_27",
 "open-vm-tools",
 "release",
]

[[package]]
name = "vmware-k8s-1_28"
version = "0.1.0"
dependencies = [
 "cni",
 "cni-plugins",
 "kernel-6_1",
 "kubernetes-1_28",
 "open-vm-tools",
 "release",
]

[[package]]
name = "wicked"
version = "0.1.0"
dependencies = [
 "glibc",
 "libdbus",
 "libiw",
 "libnl",
 "systemd",
]

[[package]]
name = "xfsprogs"
version = "0.1.0"
dependencies = [
 "glibc",
 "libinih",
 "liburcu",
 "util-linux",
]
