# This file is automatically @generated by Cargo.
# It is not intended for manual editing.
version = 3

[[package]]
name = "glibc"
version = "0.1.0"

[[package]]
name = "journald-cloudwatch-logs"
version = "0.1.0"
dependencies = [
 "glibc",
 "systemd",
]

[[package]]
name = "kmod"
version = "0.1.0"
dependencies = [
 "glibc",
 "liblzma",
 "libzstd",
]

[[package]]
name = "libacl"
version = "0.1.0"
dependencies = [
 "glibc",
 "libattr",
]

[[package]]
name = "libattr"
version = "0.1.0"
dependencies = [
 "glibc",
]

[[package]]
name = "libcap"
version = "0.1.0"
dependencies = [
 "glibc",
 "libattr",
]

[[package]]
name = "liblzma"
version = "0.1.0"
dependencies = [
 "glibc",
]

[[package]]
name = "libncurses"
version = "0.1.0"
dependencies = [
 "glibc",
]

[[package]]
name = "libpcre"
version = "0.1.0"
dependencies = [
 "glibc",
]

[[package]]
name = "libseccomp"
version = "0.1.0"
dependencies = [
 "glibc",
]

[[package]]
name = "libselinux"
version = "0.1.0"
dependencies = [
 "glibc",
 "libpcre",
 "libsepol",
]

[[package]]
name = "libsepol"
version = "0.1.0"
dependencies = [
 "glibc",
]

[[package]]
name = "libxcrypt"
version = "0.1.0"
dependencies = [
 "glibc",
]

[[package]]
name = "libzstd"
version = "0.1.0"
dependencies = [
 "glibc",
]

[[package]]
name = "systemd"
version = "0.1.0"
dependencies = [
 "glibc",
 "kmod",
 "libacl",
 "libattr",
 "libcap",
 "libseccomp",
 "libselinux",
 "libxcrypt",
 "util-linux",
]

[[package]]
name = "util-linux"
version = "0.1.0"
dependencies = [
 "glibc",
 "libacl",
 "libncurses",
 "libselinux",
 "libxcrypt",
]
