# This file is automatically @generated by Cargo.
# It is not intended for manual editing.
[[package]]
name = "acpid"
version = "0.1.0"
dependencies = [
 "glibc",
]

[[package]]
name = "aws-iam-authenticator"
version = "0.1.0"
dependencies = [
 "glibc",
]

[[package]]
name = "bash"
version = "0.1.0"
dependencies = [
 "glibc",
 "ncurses",
 "readline",
]

[[package]]
name = "ca-certificates"
version = "0.1.0"

[[package]]
name = "chrony"
version = "0.1.0"
dependencies = [
 "glibc",
 "libcap",
 "libseccomp",
 "ncurses",
 "readline",
]

[[package]]
name = "cni"
version = "0.1.0"
dependencies = [
 "glibc",
]

[[package]]
name = "cni-plugins"
version = "0.1.0"
dependencies = [
 "glibc",
]

[[package]]
name = "conntrack-tools"
version = "0.1.0"
dependencies = [
 "glibc",
 "libmnl",
 "libnetfilter_conntrack",
 "libnetfilter_cthelper",
 "libnetfilter_cttimeout",
 "libnetfilter_queue",
 "libnfnetlink",
]

[[package]]
name = "containerd"
version = "0.1.0"
dependencies = [
 "glibc",
 "libseccomp",
]

[[package]]
name = "coreutils"
version = "0.1.0"
dependencies = [
 "glibc",
 "libacl",
 "libattr",
 "libcap",
 "libselinux",
 "libxcrypt",
]

[[package]]
name = "dbus-broker"
version = "0.1.0"
dependencies = [
 "glibc",
 "libexpat",
 "libselinux",
 "systemd",
]

[[package]]
name = "docker-cli"
version = "0.1.0"
dependencies = [
 "glibc",
]

[[package]]
name = "docker-engine"
version = "0.1.0"
dependencies = [
 "glibc",
 "libseccomp",
 "systemd",
]

[[package]]
name = "docker-init"
version = "0.1.0"
dependencies = [
 "glibc",
]

[[package]]
name = "docker-proxy"
version = "0.1.0"
dependencies = [
 "glibc",
]

[[package]]
name = "e2fsprogs"
version = "0.1.0"
dependencies = [
 "glibc",
 "util-linux",
]

[[package]]
name = "ecs-agent"
version = "0.1.0"
dependencies = [
 "glibc",
]

[[package]]
name = "filesystem"
version = "0.1.0"

[[package]]
name = "findutils"
version = "0.1.0"
dependencies = [
 "glibc",
 "libselinux",
]

[[package]]
name = "glibc"
version = "0.1.0"

[[package]]
name = "grub"
version = "0.1.0"
dependencies = [
 "glibc",
]

[[package]]
name = "host-ctr"
version = "0.1.0"
dependencies = [
 "glibc",
]

[[package]]
name = "iproute"
version = "0.1.0"
dependencies = [
 "glibc",
 "libcap",
 "libmnl",
 "libselinux",
]

[[package]]
name = "iptables"
version = "0.1.0"
dependencies = [
 "glibc",
 "libmnl",
 "libnetfilter_conntrack",
 "libnfnetlink",
 "libnftnl",
]

[[package]]
name = "iputils"
version = "0.1.0"
dependencies = [
 "glibc",
 "libcap",
]

[[package]]
name = "kernel"
version = "0.1.0"

[[package]]
name = "kmod"
version = "0.1.0"
dependencies = [
 "glibc",
]

[[package]]
name = "kubernetes-1_15"
version = "0.1.0"
dependencies = [
 "glibc",
]

[[package]]
name = "kubernetes-1_16"
version = "0.1.0"
dependencies = [
 "glibc",
]

[[package]]
name = "kubernetes-1_17"
version = "0.1.0"
dependencies = [
 "glibc",
]

[[package]]
name = "kubernetes-1_18"
version = "0.1.0"
dependencies = [
 "glibc",
]

[[package]]
name = "kubernetes-1_19"
version = "0.1.0"
dependencies = [
 "glibc",
]

[[package]]
name = "libacl"
version = "0.1.0"
dependencies = [
 "glibc",
 "libattr",
]

[[package]]
name = "libattr"
version = "0.1.0"
dependencies = [
 "glibc",
]

[[package]]
name = "libaudit"
version = "0.1.0"
dependencies = [
 "glibc",
]

[[package]]
name = "libbzip2"
version = "0.1.0"
dependencies = [
 "glibc",
]

[[package]]
name = "libcap"
version = "0.1.0"
dependencies = [
 "glibc",
 "libattr",
]

[[package]]
name = "libdbus"
version = "0.1.0"
dependencies = [
 "glibc",
 "libcap",
 "libexpat",
]

[[package]]
name = "libexpat"
version = "0.1.0"
dependencies = [
 "glibc",
]

[[package]]
name = "libgcc"
version = "0.1.0"

[[package]]
name = "libiw"
version = "0.1.0"
dependencies = [
 "glibc",
]

[[package]]
name = "libmnl"
version = "0.1.0"
dependencies = [
 "glibc",
]

[[package]]
name = "libnetfilter_conntrack"
version = "0.1.0"
dependencies = [
 "glibc",
 "libmnl",
 "libnfnetlink",
]

[[package]]
name = "libnetfilter_cthelper"
version = "0.1.0"
dependencies = [
 "glibc",
 "libmnl",
]

[[package]]
name = "libnetfilter_cttimeout"
version = "0.1.0"
dependencies = [
 "glibc",
 "libmnl",
]

[[package]]
name = "libnetfilter_queue"
version = "0.1.0"
dependencies = [
 "glibc",
 "libmnl",
 "libnfnetlink",
]

[[package]]
name = "libnfnetlink"
version = "0.1.0"
dependencies = [
 "glibc",
]

[[package]]
name = "libnftnl"
version = "0.1.0"
dependencies = [
 "glibc",
 "libmnl",
]

[[package]]
name = "libnl"
version = "0.1.0"
dependencies = [
 "glibc",
]

[[package]]
name = "libpcap"
version = "0.1.0"
dependencies = [
 "glibc",
]

[[package]]
name = "libpcre"
version = "0.1.0"
dependencies = [
 "glibc",
]

[[package]]
name = "libseccomp"
version = "0.1.0"
dependencies = [
 "glibc",
]

[[package]]
name = "libselinux"
version = "0.1.0"
dependencies = [
 "glibc",
 "libpcre",
 "libsepol",
]

[[package]]
name = "libsemanage"
version = "0.1.0"
dependencies = [
 "glibc",
 "libaudit",
 "libbzip2",
 "libselinux",
 "libsepol",
]

[[package]]
name = "libsepol"
version = "0.1.0"
dependencies = [
 "glibc",
]

[[package]]
name = "libstd-rust"
version = "0.1.0"

[[package]]
name = "libxcrypt"
version = "0.1.0"
dependencies = [
 "glibc",
]

[[package]]
name = "login"
version = "0.0.1"
dependencies = [
 "glibc",
]

[[package]]
name = "ncurses"
version = "0.1.0"
dependencies = [
 "glibc",
]

[[package]]
name = "os"
version = "0.1.0"
dependencies = [
 "glibc",
]

[[package]]
name = "policycoreutils"
version = "0.1.0"
dependencies = [
 "glibc",
 "libselinux",
 "libsemanage",
 "libsepol",
]

[[package]]
name = "procps"
version = "0.1.0"
dependencies = [
 "glibc",
 "libselinux",
 "ncurses",
]

[[package]]
name = "readline"
version = "0.1.0"
dependencies = [
 "glibc",
 "ncurses",
]

[[package]]
name = "release"
version = "0.0.0"

[[package]]
name = "runc"
version = "0.1.0"
dependencies = [
 "glibc",
 "libseccomp",
]

[[package]]
name = "selinux-policy"
version = "0.1.0"

[[package]]
name = "socat"
version = "0.1.0"
dependencies = [
 "glibc",
]

[[package]]
name = "strace"
version = "0.1.0"
dependencies = [
 "glibc",
]

[[package]]
name = "systemd"
version = "0.1.0"
dependencies = [
 "glibc",
 "kmod",
 "libacl",
 "libattr",
 "libcap",
 "libseccomp",
 "libselinux",
 "libxcrypt",
 "util-linux",
]

[[package]]
name = "tcpdump"
version = "0.1.0"
dependencies = [
 "glibc",
 "libpcap",
]

[[package]]
name = "util-linux"
version = "0.1.0"
dependencies = [
 "glibc",
 "libacl",
 "libselinux",
 "libxcrypt",
 "ncurses",
]

[[package]]
name = "wicked"
version = "0.1.0"
dependencies = [
 "glibc",
 "libdbus",
 "libiw",
 "libnl",
 "systemd",
]
